
Microsoft Visual Studio Solution File, Format Version 12.00
# Visual Studio 2013
VisualStudioVersion = 12.0.30723.0
MinimumVisualStudioVersion = 10.0.40219.1
Project("{2150E333-8FDC-42A3-9474-1A3956D46DE8}") = "Databases", "Databases", "{6D2F7129-EB44-4A81-995F-8388E6463B26}"
EndProject
Project("{2150E333-8FDC-42A3-9474-1A3956D46DE8}") = "Documents", "Documents", "{A0A82A38-52F0-49F3-8676-F7ED71A8EF06}"
EndProject
Project("{2150E333-8FDC-42A3-9474-1A3956D46DE8}") = "Sources", "Sources", "{53B4E2C1-D37C-41FC-B7BA-1F0469666E3D}"
EndProject
Project("{2150E333-8FDC-42A3-9474-1A3956D46DE8}") = "Applications", "Applications", "{372AFF70-1B67-4552-92D6-941FF630950F}"
EndProject
Project("{FAE04EC0-301F-11D3-BF4B-00C04F79EFBC}") = "WebApplication1", "WebApplication1\WebApplication1.csproj", "{E5CB7902-C9A2-45F1-A32D-7B4A972AEEB7}"
EndProject
Project("{FAE04EC0-301F-11D3-BF4B-00C04F79EFBC}") = "ClassLibrary1", "ClassLibrary1\ClassLibrary1.csproj", "{08EBBA13-3A88-4E14-B4DF-87374F846904}"
EndProject
Project("{7CF6DF6D-3B04-46F8-A40B-537D21BCA0B4}") = "Documentation1", "Documentation1\Documentation1.shfbproj", "{237DCBEE-83F9-427D-B9D2-04306F4778D1}"
EndProject
Project("{00D1A9C2-B5F0-4AF3-8072-F6C62B433612}") = "Database1", "Database1\Database1.sqlproj", "{A803F7D8-7AF7-4BD6-A541-BD8AB7883F2D}"
EndProject
Project("{F088123C-0E9E-452A-89E6-6BA2F21D5CAC}") = "ModelingProject1", "ModelingProject1\ModelingProject1.modelproj", "{98EA541A-904D-4E5C-A8BB-2BF0962C0AE3}"
EndProject
Global
	GlobalSection(SolutionConfigurationPlatforms) = preSolution
		Debug|Any CPU = Debug|Any CPU
		Release|Any CPU = Release|Any CPU
	EndGlobalSection
	GlobalSection(ProjectConfigurationPlatforms) = postSolution
		{E5CB7902-C9A2-45F1-A32D-7B4A972AEEB7}.Debug|Any CPU.ActiveCfg = Debug|Any CPU
		{E5CB7902-C9A2-45F1-A32D-7B4A972AEEB7}.Debug|Any CPU.Build.0 = Debug|Any CPU
		{E5CB7902-C9A2-45F1-A32D-7B4A972AEEB7}.Release|Any CPU.ActiveCfg = Release|Any CPU
		{E5CB7902-C9A2-45F1-A32D-7B4A972AEEB7}.Release|Any CPU.Build.0 = Release|Any CPU
		{08EBBA13-3A88-4E14-B4DF-87374F846904}.Debug|Any CPU.ActiveCfg = Debug|Any CPU
		{08EBBA13-3A88-4E14-B4DF-87374F846904}.Debug|Any CPU.Build.0 = Debug|Any CPU
		{08EBBA13-3A88-4E14-B4DF-87374F846904}.Release|Any CPU.ActiveCfg = Release|Any CPU
		{08EBBA13-3A88-4E14-B4DF-87374F846904}.Release|Any CPU.Build.0 = Release|Any CPU
		{237DCBEE-83F9-427D-B9D2-04306F4778D1}.Debug|Any CPU.ActiveCfg = Debug|Any CPU
		{237DCBEE-83F9-427D-B9D2-04306F4778D1}.Debug|Any CPU.Build.0 = Debug|Any CPU
		{237DCBEE-83F9-427D-B9D2-04306F4778D1}.Release|Any CPU.ActiveCfg = Release|Any CPU
		{237DCBEE-83F9-427D-B9D2-04306F4778D1}.Release|Any CPU.Build.0 = Release|Any CPU
		{A803F7D8-7AF7-4BD6-A541-BD8AB7883F2D}.Debug|Any CPU.ActiveCfg = Debug|Any CPU
		{A803F7D8-7AF7-4BD6-A541-BD8AB7883F2D}.Debug|Any CPU.Build.0 = Debug|Any CPU
		{A803F7D8-7AF7-4BD6-A541-BD8AB7883F2D}.Debug|Any CPU.Deploy.0 = Debug|Any CPU
		{A803F7D8-7AF7-4BD6-A541-BD8AB7883F2D}.Release|Any CPU.ActiveCfg = Release|Any CPU
		{A803F7D8-7AF7-4BD6-A541-BD8AB7883F2D}.Release|Any CPU.Build.0 = Release|Any CPU
		{A803F7D8-7AF7-4BD6-A541-BD8AB7883F2D}.Release|Any CPU.Deploy.0 = Release|Any CPU
		{98EA541A-904D-4E5C-A8BB-2BF0962C0AE3}.Debug|Any CPU.ActiveCfg = Debug|Any CPU
		{98EA541A-904D-4E5C-A8BB-2BF0962C0AE3}.Debug|Any CPU.Build.0 = Debug|Any CPU
		{98EA541A-904D-4E5C-A8BB-2BF0962C0AE3}.Release|Any CPU.ActiveCfg = Release|Any CPU
		{98EA541A-904D-4E5C-A8BB-2BF0962C0AE3}.Release|Any CPU.Build.0 = Release|Any CPU
	EndGlobalSection
	GlobalSection(SolutionProperties) = preSolution
		HideSolutionNode = FALSE
	EndGlobalSection
	GlobalSection(NestedProjects) = preSolution
		{6D2F7129-EB44-4A81-995F-8388E6463B26} = {53B4E2C1-D37C-41FC-B7BA-1F0469666E3D}
		{372AFF70-1B67-4552-92D6-941FF630950F} = {53B4E2C1-D37C-41FC-B7BA-1F0469666E3D}
		{E5CB7902-C9A2-45F1-A32D-7B4A972AEEB7} = {372AFF70-1B67-4552-92D6-941FF630950F}
		{08EBBA13-3A88-4E14-B4DF-87374F846904} = {372AFF70-1B67-4552-92D6-941FF630950F}
		{237DCBEE-83F9-427D-B9D2-04306F4778D1} = {A0A82A38-52F0-49F3-8676-F7ED71A8EF06}
		{A803F7D8-7AF7-4BD6-A541-BD8AB7883F2D} = {6D2F7129-EB44-4A81-995F-8388E6463B26}
		{98EA541A-904D-4E5C-A8BB-2BF0962C0AE3} = {A0A82A38-52F0-49F3-8676-F7ED71A8EF06}
	EndGlobalSection
EndGlobal
